
Microsoft Visual Studio Solution File, Format Version 12.00
# Visual Studio 14
VisualStudioVersion = 14.0.25123.0
MinimumVisualStudioVersion = 10.0.40219.1
Project("{FAE04EC0-301F-11D3-BF4B-00C04F79EFBC}") = "EFCodeFirstApp", "EFCodeFirstApp\EFCodeFirstApp.csproj", "{12922459-047E-4A89-A74F-E60E62871B9A}"
EndProject
Project("{FAE04EC0-301F-11D3-BF4B-00C04F79EFBC}") = "PL.Models", "PL.Models\PL.Models.csproj", "{AFCA5821-9752-44FB-8E9C-557A5C5B42E3}"
EndProject
Global
	GlobalSection(SolutionConfigurationPlatforms) = preSolution
		Debug|Any CPU = Debug|Any CPU
		Release|Any CPU = Release|Any CPU
	EndGlobalSection
	GlobalSection(ProjectConfigurationPlatforms) = postSolution
		{12922459-047E-4A89-A74F-E60E62871B9A}.Debug|Any CPU.ActiveCfg = Debug|Any CPU
		{12922459-047E-4A89-A74F-E60E62871B9A}.Debug|Any CPU.Build.0 = Debug|Any CPU
		{12922459-047E-4A89-A74F-E60E62871B9A}.Release|Any CPU.ActiveCfg = Release|Any CPU
		{12922459-047E-4A89-A74F-E60E62871B9A}.Release|Any CPU.Build.0 = Release|Any CPU
		{AFCA5821-9752-44FB-8E9C-557A5C5B42E3}.Debug|Any CPU.ActiveCfg = Debug|Any CPU
		{AFCA5821-9752-44FB-8E9C-557A5C5B42E3}.Debug|Any CPU.Build.0 = Debug|Any CPU
		{AFCA5821-9752-44FB-8E9C-557A5C5B42E3}.Release|Any CPU.ActiveCfg = Release|Any CPU
		{AFCA5821-9752-44FB-8E9C-557A5C5B42E3}.Release|Any CPU.Build.0 = Release|Any CPU
	EndGlobalSection
	GlobalSection(SolutionProperties) = preSolution
		HideSolutionNode = FALSE
	EndGlobalSection
EndGlobal
